
Microsoft Visual Studio Solution File, Format Version 12.00
# Visual Studio Version 17
VisualStudioVersion = 17.3.32901.215
MinimumVisualStudioVersion = 10.0.40219.1
Project("{FAE04EC0-301F-11D3-BF4B-00C04F79EFBC}") = "Eindopdracht.Android", "Eindopdracht.Android\Eindopdracht.Android.csproj", "{DE34EB0B-F0AF-4F22-B83B-A32EE4173AAA}"
EndProject
Project("{FAE04EC0-301F-11D3-BF4B-00C04F79EFBC}") = "Eindopdracht", "Eindopdracht\Eindopdracht.csproj", "{2C444C92-049A-4C96-A276-D1D900DF02C3}"
EndProject
Global
	GlobalSection(SolutionConfigurationPlatforms) = preSolution
		Debug|Any CPU = Debug|Any CPU
		Release|Any CPU = Release|Any CPU
	EndGlobalSection
	GlobalSection(ProjectConfigurationPlatforms) = postSolution
		{DE34EB0B-F0AF-4F22-B83B-A32EE4173AAA}.Debug|Any CPU.ActiveCfg = Debug|Any CPU
		{DE34EB0B-F0AF-4F22-B83B-A32EE4173AAA}.Debug|Any CPU.Build.0 = Debug|Any CPU
		{DE34EB0B-F0AF-4F22-B83B-A32EE4173AAA}.Debug|Any CPU.Deploy.0 = Debug|Any CPU
		{DE34EB0B-F0AF-4F22-B83B-A32EE4173AAA}.Release|Any CPU.ActiveCfg = Release|Any CPU
		{DE34EB0B-F0AF-4F22-B83B-A32EE4173AAA}.Release|Any CPU.Build.0 = Release|Any CPU
		{DE34EB0B-F0AF-4F22-B83B-A32EE4173AAA}.Release|Any CPU.Deploy.0 = Release|Any CPU
		{2C444C92-049A-4C96-A276-D1D900DF02C3}.Debug|Any CPU.ActiveCfg = Debug|Any CPU
		{2C444C92-049A-4C96-A276-D1D900DF02C3}.Debug|Any CPU.Build.0 = Debug|Any CPU
		{2C444C92-049A-4C96-A276-D1D900DF02C3}.Debug|Any CPU.Deploy.0 = Debug|Any CPU
		{2C444C92-049A-4C96-A276-D1D900DF02C3}.Release|Any CPU.ActiveCfg = Release|Any CPU
		{2C444C92-049A-4C96-A276-D1D900DF02C3}.Release|Any CPU.Build.0 = Release|Any CPU
		{2C444C92-049A-4C96-A276-D1D900DF02C3}.Release|Any CPU.Deploy.0 = Release|Any CPU
	EndGlobalSection
	GlobalSection(SolutionProperties) = preSolution
		HideSolutionNode = FALSE
	EndGlobalSection
	GlobalSection(ExtensibilityGlobals) = postSolution
		SolutionGuid = {C63D6C4F-F3D5-42E6-BCD1-5F6B610B6E09}
	EndGlobalSection
EndGlobal
